Microsoft Visual Studio Solution File, Format Version 12.00
# Visual Studio Version 16
VisualStudioVersion = 16.0.0.0
MinimumVisualStudioVersion = 16.0.0.0
Project("{9A19103F-16F7-4668-BE54-9A1E7A4F7556}") = "FluxHelmTool", "FluxHelmTool\FluxHelmTool.csproj", "{37B4DDB1-0B4F-4D34-A9DC-02A18DA2771D}"
EndProject
Project("{9A19103F-16F7-4668-BE54-9A1E7A4F7556}") = "FluxHelmTool.Windows", "FluxHelmTool.Windows\FluxHelmTool.Windows.csproj", "{D72B8673-BD65-4C2D-8BE2-235213518D17}"
EndProject
Project("{FAE04EC0-301F-11D3-BF4B-00C04F79EFBC}") = "FluxHelmTool.macOS", "FluxHelmTool.macOS\FluxHelmTool.macOS.csproj", "{355B2B48-8720-4FFE-8AEA-078692D879B6}"
EndProject
Global
	GlobalSection(SolutionConfigurationPlatforms) = preSolution
		Debug|Any CPU = Debug|Any CPU
		Debug|iPhone = Debug|iPhone
		Debug|iPhoneSimulator = Debug|iPhoneSimulator
		Debug|x64 = Debug|x64
		Debug|x86 = Debug|x86
		Release|Any CPU = Release|Any CPU
		Release|iPhone = Release|iPhone
		Release|iPhoneSimulator = Release|iPhoneSimulator
		Release|x64 = Release|x64
		Release|x86 = Release|x86
	EndGlobalSection
	GlobalSection(ProjectConfigurationPlatforms) = postSolution
		{37B4DDB1-0B4F-4D34-A9DC-02A18DA2771D}.Debug|Any CPU.ActiveCfg = Debug|Any CPU
		{37B4DDB1-0B4F-4D34-A9DC-02A18DA2771D}.Debug|Any CPU.Build.0 = Debug|Any CPU
		{37B4DDB1-0B4F-4D34-A9DC-02A18DA2771D}.Debug|iPhone.ActiveCfg = Debug|Any CPU
		{37B4DDB1-0B4F-4D34-A9DC-02A18DA2771D}.Debug|iPhone.Build.0 = Debug|Any CPU
		{37B4DDB1-0B4F-4D34-A9DC-02A18DA2771D}.Debug|iPhoneSimulator.ActiveCfg = Debug|Any CPU
		{37B4DDB1-0B4F-4D34-A9DC-02A18DA2771D}.Debug|iPhoneSimulator.Build.0 = Debug|Any CPU
		{37B4DDB1-0B4F-4D34-A9DC-02A18DA2771D}.Debug|x64.ActiveCfg = Debug|Any CPU
		{37B4DDB1-0B4F-4D34-A9DC-02A18DA2771D}.Debug|x64.Build.0 = Debug|Any CPU
		{37B4DDB1-0B4F-4D34-A9DC-02A18DA2771D}.Debug|x86.ActiveCfg = Debug|Any CPU
		{37B4DDB1-0B4F-4D34-A9DC-02A18DA2771D}.Debug|x86.Build.0 = Debug|Any CPU
		{37B4DDB1-0B4F-4D34-A9DC-02A18DA2771D}.Release|Any CPU.ActiveCfg = Release|Any CPU
		{37B4DDB1-0B4F-4D34-A9DC-02A18DA2771D}.Release|Any CPU.Build.0 = Release|Any CPU
		{37B4DDB1-0B4F-4D34-A9DC-02A18DA2771D}.Release|iPhone.ActiveCfg = Release|Any CPU
		{37B4DDB1-0B4F-4D34-A9DC-02A18DA2771D}.Release|iPhone.Build.0 = Release|Any CPU
		{37B4DDB1-0B4F-4D34-A9DC-02A18DA2771D}.Release|iPhoneSimulator.ActiveCfg = Release|Any CPU
		{37B4DDB1-0B4F-4D34-A9DC-02A18DA2771D}.Release|iPhoneSimulator.Build.0 = Release|Any CPU
		{37B4DDB1-0B4F-4D34-A9DC-02A18DA2771D}.Release|x64.ActiveCfg = Release|Any CPU
		{37B4DDB1-0B4F-4D34-A9DC-02A18DA2771D}.Release|x64.Build.0 = Release|Any CPU
		{37B4DDB1-0B4F-4D34-A9DC-02A18DA2771D}.Release|x86.ActiveCfg = Release|Any CPU
		{37B4DDB1-0B4F-4D34-A9DC-02A18DA2771D}.Release|x86.Build.0 = Release|Any CPU
		{D72B8673-BD65-4C2D-8BE2-235213518D17}.Debug|Any CPU.ActiveCfg = Debug|Any CPU
		{D72B8673-BD65-4C2D-8BE2-235213518D17}.Debug|Any CPU.Build.0 = Debug|Any CPU
		{D72B8673-BD65-4C2D-8BE2-235213518D17}.Debug|iPhone.ActiveCfg = Debug|Any CPU
		{D72B8673-BD65-4C2D-8BE2-235213518D17}.Debug|iPhone.Build.0 = Debug|Any CPU
		{D72B8673-BD65-4C2D-8BE2-235213518D17}.Debug|iPhoneSimulator.ActiveCfg = Debug|Any CPU
		{D72B8673-BD65-4C2D-8BE2-235213518D17}.Debug|iPhoneSimulator.Build.0 = Debug|Any CPU
		{D72B8673-BD65-4C2D-8BE2-235213518D17}.Debug|x64.ActiveCfg = Debug|Any CPU
		{D72B8673-BD65-4C2D-8BE2-235213518D17}.Debug|x64.Build.0 = Debug|Any CPU
		{D72B8673-BD65-4C2D-8BE2-235213518D17}.Debug|x86.ActiveCfg = Debug|Any CPU
		{D72B8673-BD65-4C2D-8BE2-235213518D17}.Debug|x86.Build.0 = Debug|Any CPU
		{D72B8673-BD65-4C2D-8BE2-235213518D17}.Release|Any CPU.ActiveCfg = Release|Any CPU
		{D72B8673-BD65-4C2D-8BE2-235213518D17}.Release|Any CPU.Build.0 = Release|Any CPU
		{D72B8673-BD65-4C2D-8BE2-235213518D17}.Release|iPhone.ActiveCfg = Release|Any CPU
		{D72B8673-BD65-4C2D-8BE2-235213518D17}.Release|iPhone.Build.0 = Release|Any CPU
		{D72B8673-BD65-4C2D-8BE2-235213518D17}.Release|iPhoneSimulator.ActiveCfg = Release|Any CPU
		{D72B8673-BD65-4C2D-8BE2-235213518D17}.Release|iPhoneSimulator.Build.0 = Release|Any CPU
		{D72B8673-BD65-4C2D-8BE2-235213518D17}.Release|x64.ActiveCfg = Release|Any CPU
		{D72B8673-BD65-4C2D-8BE2-235213518D17}.Release|x64.Build.0 = Release|Any CPU
		{D72B8673-BD65-4C2D-8BE2-235213518D17}.Release|x86.ActiveCfg = Release|Any CPU
		{D72B8673-BD65-4C2D-8BE2-235213518D17}.Release|x86.Build.0 = Release|Any CPU
		{355B2B48-8720-4FFE-8AEA-078692D879B6}.Debug|Any CPU.ActiveCfg = Debug|Any CPU
		{355B2B48-8720-4FFE-8AEA-078692D879B6}.Debug|Any CPU.Build.0 = Debug|Any CPU
		{355B2B48-8720-4FFE-8AEA-078692D879B6}.Debug|iPhone.ActiveCfg = Debug|Any CPU
		{355B2B48-8720-4FFE-8AEA-078692D879B6}.Debug|iPhone.Build.0 = Debug|Any CPU
		{355B2B48-8720-4FFE-8AEA-078692D879B6}.Debug|iPhoneSimulator.ActiveCfg = Debug|Any CPU
		{355B2B48-8720-4FFE-8AEA-078692D879B6}.Debug|iPhoneSimulator.Build.0 = Debug|Any CPU
		{355B2B48-8720-4FFE-8AEA-078692D879B6}.Debug|x64.ActiveCfg = Debug|Any CPU
		{355B2B48-8720-4FFE-8AEA-078692D879B6}.Debug|x64.Build.0 = Debug|Any CPU
		{355B2B48-8720-4FFE-8AEA-078692D879B6}.Debug|x86.ActiveCfg = Debug|Any CPU
		{355B2B48-8720-4FFE-8AEA-078692D879B6}.Debug|x86.Build.0 = Debug|Any CPU
		{355B2B48-8720-4FFE-8AEA-078692D879B6}.Release|Any CPU.ActiveCfg = Release|Any CPU
		{355B2B48-8720-4FFE-8AEA-078692D879B6}.Release|Any CPU.Build.0 = Release|Any CPU
		{355B2B48-8720-4FFE-8AEA-078692D879B6}.Release|iPhone.ActiveCfg = Release|Any CPU
		{355B2B48-8720-4FFE-8AEA-078692D879B6}.Release|iPhone.Build.0 = Release|Any CPU
		{355B2B48-8720-4FFE-8AEA-078692D879B6}.Release|iPhoneSimulator.ActiveCfg = Release|Any CPU
		{355B2B48-8720-4FFE-8AEA-078692D879B6}.Release|iPhoneSimulator.Build.0 = Release|Any CPU
		{355B2B48-8720-4FFE-8AEA-078692D879B6}.Release|x64.ActiveCfg = Release|Any CPU
		{355B2B48-8720-4FFE-8AEA-078692D879B6}.Release|x64.Build.0 = Release|Any CPU
		{355B2B48-8720-4FFE-8AEA-078692D879B6}.Release|x86.ActiveCfg = Release|Any CPU
		{355B2B48-8720-4FFE-8AEA-078692D879B6}.Release|x86.Build.0 = Release|Any CPU
	EndGlobalSection
	GlobalSection(SolutionProperties) = preSolution
		HideSolutionNode = FALSE
	EndGlobalSection
	GlobalSection(ExtensibilityGlobals) = postSolution
		SolutionGuid = {1C531A76-67E9-408C-98DD-0939654D8BCC}
	EndGlobalSection
EndGlobal
